
Microsoft Visual Studio Solution File, Format Version 12.00
# Visual Studio Version 16
VisualStudioVersion = 16.0.31424.327
MinimumVisualStudioVersion = 10.0.40219.1
Project("{9A19103F-16F7-4668-BE54-9A1E7A4F7556}") = "Hello", "Hello\Hello.csproj", "{D60B2236-FCCC-4993-82DE-8DCE6198F996}"
EndProject
Project("{9A19103F-16F7-4668-BE54-9A1E7A4F7556}") = "HelloRef", "HelloRef\HelloRef.csproj", "{ADD48AEB-61B6-4843-865D-8D30F902B103}"
EndProject
Global
	GlobalSection(SolutionConfigurationPlatforms) = preSolution
		Debug|Any CPU = Debug|Any CPU
		Release|Any CPU = Release|Any CPU
	EndGlobalSection
	GlobalSection(ProjectConfigurationPlatforms) = postSolution
		{D60B2236-FCCC-4993-82DE-8DCE6198F996}.Debug|Any CPU.ActiveCfg = Debug|Any CPU
		{D60B2236-FCCC-4993-82DE-8DCE6198F996}.Debug|Any CPU.Build.0 = Debug|Any CPU
		{D60B2236-FCCC-4993-82DE-8DCE6198F996}.Release|Any CPU.ActiveCfg = Release|Any CPU
		{D60B2236-FCCC-4993-82DE-8DCE6198F996}.Release|Any CPU.Build.0 = Release|Any CPU
		{ADD48AEB-61B6-4843-865D-8D30F902B103}.Debug|Any CPU.ActiveCfg = Debug|Any CPU
		{ADD48AEB-61B6-4843-865D-8D30F902B103}.Debug|Any CPU.Build.0 = Debug|Any CPU
		{ADD48AEB-61B6-4843-865D-8D30F902B103}.Release|Any CPU.ActiveCfg = Release|Any CPU
		{ADD48AEB-61B6-4843-865D-8D30F902B103}.Release|Any CPU.Build.0 = Release|Any CPU
	EndGlobalSection
	GlobalSection(SolutionProperties) = preSolution
		HideSolutionNode = FALSE
	EndGlobalSection
	GlobalSection(ExtensibilityGlobals) = postSolution
		SolutionGuid = {399CD56C-465B-4E4C-BA69-16901D422AC6}
	EndGlobalSection
EndGlobal
